
Microsoft Visual Studio Solution File, Format Version 12.00
# Visual Studio 15
VisualStudioVersion = 15.0.27130.2027
MinimumVisualStudioVersion = 10.0.40219.1
Project("{FAE04EC0-301F-11D3-BF4B-00C04F79EFBC}") = "WindowsFormsExit", "WindowsFormsExit\WindowsFormsExit.csproj", "{7A799CD3-C5AA-4B6B-A1C4-AFE5D5804EF5}"
EndProject
Global
	GlobalSection(SolutionConfigurationPlatforms) = preSolution
		Debug|Any CPU = Debug|Any CPU
		Release|Any CPU = Release|Any CPU
	EndGlobalSection
	GlobalSection(ProjectConfigurationPlatforms) = postSolution
		{7A799CD3-C5AA-4B6B-A1C4-AFE5D5804EF5}.Debug|Any CPU.ActiveCfg = Debug|Any CPU
		{7A799CD3-C5AA-4B6B-A1C4-AFE5D5804EF5}.Debug|Any CPU.Build.0 = Debug|Any CPU
		{7A799CD3-C5AA-4B6B-A1C4-AFE5D5804EF5}.Release|Any CPU.ActiveCfg = Release|Any CPU
		{7A799CD3-C5AA-4B6B-A1C4-AFE5D5804EF5}.Release|Any CPU.Build.0 = Release|Any CPU
	EndGlobalSection
	GlobalSection(SolutionProperties) = preSolution
		HideSolutionNode = FALSE
	EndGlobalSection
	GlobalSection(ExtensibilityGlobals) = postSolution
		SolutionGuid = {0F6949F5-DBA2-4A9D-8B01-BF9E06928223}
	EndGlobalSection
EndGlobal
